#######################################################
## This is a code entry in the error correction zoo. ##
##       https://github.com/errorcorrectionzoo       ##
#######################################################

code_id: block

name: 'Block code'

description: |
  A code intended to encode a piece, or block, of a data stream on a \textit{block} of \(n\) symbols, with each symbol taking values from a fixed alphabet \(\Sigma\).

  The overall alphabet of the code is \(\Sigma^n\), and \(n\) is called the \textit{length} of the code \cite[Ch. 3]{doi:10.1007/978-3-642-58575-3}.
  In some cases, only a subset of \(\Sigma^n\) is available to use for constructing the code.
  For example, in the case of spherical codes, one is constrained to \(n\)-dimensional real vectors on the unit sphere.

  An alternative more stringent definition of the code (not used here) is in terms of a map encoding logical information from \(\Sigma^k\) into \(\Sigma^n\), yielding an \((n,k,d)_{\Sigma}\) block code, where \(d\) is the code distance.

protection: |
  Block codes protect from errors acting on a few of the \(n\) symbols. A block code with \textit{distance} \(d\) detects errors acting on up to \(d-1\) symbols, and corrects erasure errors on up to \(d-1\) symbols.

features:
  rate: 'Ideal decoding error is suppressed exponentially with the number of subsystems \(n\), and the exponent has been studied in Ref. \cite{doi:10.1002/j.1538-7305.1959.tb03905.x,doi:10.1016/S0019-9958(67)90052-6,manual:{Fano, Robert M. The transmission of information. Vol. 65. Cambridge, MA, USA: Massachusetts Institute of Technology, Research Laboratory of Electronics, 1949.}}.'
  decoders:
    - 'Decoding an error-correcting code is equivalent to finding the ground state of a statistical mechanical model \cite{doi:10.1038/339693a0}.'


notes:
  - |
    \begin{defterm}{Asymptotic notation}
    \label{topic:asymptotics}
    We are often interested in how parameters of particular infinite block-code families scale with increasing block length \(n\), necessitating the use of asymptotic or Bachmann–Landau notation; see the book \cite{manual:{Cormen, T. H., Leiserson, C. E., Rivest, R. L., & Stein, C. (2022). Introduction to algorithms. MIT press.}}. The table below summarizes the notation used throughout the EC Zoo for relating functions \(f,g\) that both grow with \(n\).
    \begin{table}
      \begin{cells}
      \celldata<c H, c H>{relation & behavior}
      \celldata<c, c>{
      \(f(n)=O(g(n))\) & \(\phantom{c_{2}\geq}{\displaystyle \underset{n\to\infty}{\lim}\frac{|f(n)|}{|g(n)|}}\leq c\)
          \\
      \(f(n)=\Omega(g(n))\) & \(0<{\displaystyle \underset{n\to\infty}{\lim}\frac{|f(n)|}{|g(n)|}}\phantom{\leq c_{2}}\)
          \\
      \(f(n)=\Theta(g(n))\) & \(c_{1}\leq{\displaystyle \underset{n\to\infty}{\lim}\frac{|f(n)|}{|g(n)|}}\leq c_{2}\)
      }
      \end{cells}
      \caption{Asymptotic notation relating functions \(f,g\) that both grow with system size \(n\); \(c,c_1,c_2\) are positive \(n\)-independent constants. In some cases, \(\lim\) should be replaced with \(\limsup\).}
      \label{table:asymptotics}
    \end{table}
    \end{defterm}


relations:
  parents:
    - code_id: ecc
  cousins:
    - code_id: block_quantum


# Begin Entry Meta Information
_meta:
  # Change log - most recent first
  changelog:
    - user_id: VictorVAlbert
      date: '2023-02-14'
