#######################################################
## This is a code entry in the error correction zoo. ##
##       https://github.com/errorcorrectionzoo       ##
#######################################################

code_id: real_block
physical: reals
logical: reals

name: 'Real block code'
introduced: '\cite[pg. 321]{preset:MacSlo}\cite{doi:10.1109/TCOM.1983.1095820,doi:10.1109/JSAC.1984.1146063}'

alternative_names:
  - 'Real-number block code'
  - 'Real code'
  - '\(\mathbb{R}\) code'
# MacSlo

description: |
  A block code encoding a \(k\)-dimensional vector of real or complex numbers into an \(n\)-dimensional real or complex vector space.


relations:
  parents:
    - code_id: analog
      detail: 'Real-number block codes encode continuous sets of real or complex numbers into a real or complex vector space.'


# Begin Entry Meta Information
_meta:
  # Change log - most recent first
  changelog:
    - user_id: VictorVAlbert
      date: '2025-01-09'
